
Microsoft Visual Studio Solution File, Format Version 12.00
# Visual Studio Version 16
VisualStudioVersion = 16.0.30804.86
MinimumVisualStudioVersion = 10.0.40219.1
Project("{FAE04EC0-301F-11D3-BF4B-00C04F79EFBC}") = "Harjoitus11", "Harjoitus11\Harjoitus11.csproj", "{C20F3B80-F8F0-43AC-8B74-78E4EFACC84C}"
EndProject
Global
	GlobalSection(SolutionConfigurationPlatforms) = preSolution
		Debug|Any CPU = Debug|Any CPU
		Release|Any CPU = Release|Any CPU
	EndGlobalSection
	GlobalSection(ProjectConfigurationPlatforms) = postSolution
		{C20F3B80-F8F0-43AC-8B74-78E4EFACC84C}.Debug|Any CPU.ActiveCfg = Debug|Any CPU
		{C20F3B80-F8F0-43AC-8B74-78E4EFACC84C}.Debug|Any CPU.Build.0 = Debug|Any CPU
		{C20F3B80-F8F0-43AC-8B74-78E4EFACC84C}.Release|Any CPU.ActiveCfg = Release|Any CPU
		{C20F3B80-F8F0-43AC-8B74-78E4EFACC84C}.Release|Any CPU.Build.0 = Release|Any CPU
	EndGlobalSection
	GlobalSection(SolutionProperties) = preSolution
		HideSolutionNode = FALSE
	EndGlobalSection
	GlobalSection(ExtensibilityGlobals) = postSolution
		SolutionGuid = {ABA742E0-FA22-4ECE-B1D5-89B65F4485AC}
	EndGlobalSection
EndGlobal
